
Microsoft Visual Studio Solution File, Format Version 12.00
# Visual Studio Version 16
VisualStudioVersion = 16.0.30128.74
MinimumVisualStudioVersion = 10.0.40219.1
Project("{FAE04EC0-301F-11D3-BF4B-00C04F79EFBC}") = "PostgreDapperSample", "PostgreDapperSample\PostgreDapperSample.csproj", "{0DF3D028-0EC3-4E0C-BC39-7E20D286F93E}"
EndProject
Global
	GlobalSection(SolutionConfigurationPlatforms) = preSolution
		Debug|Any CPU = Debug|Any CPU
		Release|Any CPU = Release|Any CPU
	EndGlobalSection
	GlobalSection(ProjectConfigurationPlatforms) = postSolution
		{0DF3D028-0EC3-4E0C-BC39-7E20D286F93E}.Debug|Any CPU.ActiveCfg = Debug|Any CPU
		{0DF3D028-0EC3-4E0C-BC39-7E20D286F93E}.Debug|Any CPU.Build.0 = Debug|Any CPU
		{0DF3D028-0EC3-4E0C-BC39-7E20D286F93E}.Release|Any CPU.ActiveCfg = Release|Any CPU
		{0DF3D028-0EC3-4E0C-BC39-7E20D286F93E}.Release|Any CPU.Build.0 = Release|Any CPU
	EndGlobalSection
	GlobalSection(SolutionProperties) = preSolution
		HideSolutionNode = FALSE
	EndGlobalSection
	GlobalSection(ExtensibilityGlobals) = postSolution
		SolutionGuid = {67186FDC-B007-4AD2-A4D1-61E447AE7E71}
	EndGlobalSection
EndGlobal
